
Microsoft Visual Studio Solution File, Format Version 12.00
# Visual Studio Version 16
VisualStudioVersion = 16.0.29806.167
MinimumVisualStudioVersion = 10.0.40219.1
Project("{9A19103F-16F7-4668-BE54-9A1E7A4F7556}") = "b2c-ms-graph", "b2c-ms-graph.csproj", "{9AA1B89E-B2D7-4391-803B-1654F96379A5}"
EndProject
Global
	GlobalSection(SolutionConfigurationPlatforms) = preSolution
		Debug|Any CPU = Debug|Any CPU
		Release|Any CPU = Release|Any CPU
	EndGlobalSection
	GlobalSection(ProjectConfigurationPlatforms) = postSolution
		{9AA1B89E-B2D7-4391-803B-1654F96379A5}.Debug|Any CPU.ActiveCfg = Debug|Any CPU
		{9AA1B89E-B2D7-4391-803B-1654F96379A5}.Debug|Any CPU.Build.0 = Debug|Any CPU
		{9AA1B89E-B2D7-4391-803B-1654F96379A5}.Release|Any CPU.ActiveCfg = Release|Any CPU
		{9AA1B89E-B2D7-4391-803B-1654F96379A5}.Release|Any CPU.Build.0 = Release|Any CPU
	EndGlobalSection
	GlobalSection(SolutionProperties) = preSolution
		HideSolutionNode = FALSE
	EndGlobalSection
	GlobalSection(ExtensibilityGlobals) = postSolution
		SolutionGuid = {FDF38FBE-8929-4734-903C-AB429F42D7BA}
	EndGlobalSection
EndGlobal
